
Microsoft Visual Studio Solution File, Format Version 12.00
# Visual Studio Version 17
VisualStudioVersion = 17.10.35122.118
MinimumVisualStudioVersion = 10.0.40219.1
Project("{FAE04EC0-301F-11D3-BF4B-00C04F79EFBC}") = "WorkIn", "WorkIn\WorkIn.csproj", "{2B930485-BEF0-47FB-89D8-7ABD48A82E26}"
EndProject
Project("{FAE04EC0-301F-11D3-BF4B-00C04F79EFBC}") = "WorkIn.Domain", "WorkIn.Domain\WorkIn.Domain.csproj", "{2304B004-5DC3-4269-96AB-35D0945B2D3E}"
EndProject
Project("{FAE04EC0-301F-11D3-BF4B-00C04F79EFBC}") = "WorkIn.Infrastructure", "WorkIn.Infrastructure\WorkIn.Infrastructure.csproj", "{B809A00C-F4CA-45F8-9B68-8ABEAF6D9691}"
EndProject
Project("{FAE04EC0-301F-11D3-BF4B-00C04F79EFBC}") = "WorkIn.Persistence", "WorkIn.Persistence\WorkIn.Persistence.csproj", "{152081BA-AC45-48BF-8F9D-E1762B031ECE}"
EndProject
Project("{9A19103F-16F7-4668-BE54-9A1E7A4F7556}") = "WorkIn.Service", "WorkIn.Service\WorkIn.Service.csproj", "{223171B6-84F7-41B5-A6F8-895572BBD0C9}"
EndProject
Global
	GlobalSection(SolutionConfigurationPlatforms) = preSolution
		Debug|Any CPU = Debug|Any CPU
		Release|Any CPU = Release|Any CPU
	EndGlobalSection
	GlobalSection(ProjectConfigurationPlatforms) = postSolution
		{2B930485-BEF0-47FB-89D8-7ABD48A82E26}.Debug|Any CPU.ActiveCfg = Debug|Any CPU
		{2B930485-BEF0-47FB-89D8-7ABD48A82E26}.Debug|Any CPU.Build.0 = Debug|Any CPU
		{2B930485-BEF0-47FB-89D8-7ABD48A82E26}.Release|Any CPU.ActiveCfg = Release|Any CPU
		{2B930485-BEF0-47FB-89D8-7ABD48A82E26}.Release|Any CPU.Build.0 = Release|Any CPU
		{2304B004-5DC3-4269-96AB-35D0945B2D3E}.Debug|Any CPU.ActiveCfg = Debug|Any CPU
		{2304B004-5DC3-4269-96AB-35D0945B2D3E}.Debug|Any CPU.Build.0 = Debug|Any CPU
		{2304B004-5DC3-4269-96AB-35D0945B2D3E}.Release|Any CPU.ActiveCfg = Release|Any CPU
		{2304B004-5DC3-4269-96AB-35D0945B2D3E}.Release|Any CPU.Build.0 = Release|Any CPU
		{B809A00C-F4CA-45F8-9B68-8ABEAF6D9691}.Debug|Any CPU.ActiveCfg = Debug|Any CPU
		{B809A00C-F4CA-45F8-9B68-8ABEAF6D9691}.Debug|Any CPU.Build.0 = Debug|Any CPU
		{B809A00C-F4CA-45F8-9B68-8ABEAF6D9691}.Release|Any CPU.ActiveCfg = Release|Any CPU
		{B809A00C-F4CA-45F8-9B68-8ABEAF6D9691}.Release|Any CPU.Build.0 = Release|Any CPU
		{152081BA-AC45-48BF-8F9D-E1762B031ECE}.Debug|Any CPU.ActiveCfg = Debug|Any CPU
		{152081BA-AC45-48BF-8F9D-E1762B031ECE}.Debug|Any CPU.Build.0 = Debug|Any CPU
		{152081BA-AC45-48BF-8F9D-E1762B031ECE}.Release|Any CPU.ActiveCfg = Release|Any CPU
		{152081BA-AC45-48BF-8F9D-E1762B031ECE}.Release|Any CPU.Build.0 = Release|Any CPU
		{223171B6-84F7-41B5-A6F8-895572BBD0C9}.Debug|Any CPU.ActiveCfg = Debug|Any CPU
		{223171B6-84F7-41B5-A6F8-895572BBD0C9}.Debug|Any CPU.Build.0 = Debug|Any CPU
		{223171B6-84F7-41B5-A6F8-895572BBD0C9}.Release|Any CPU.ActiveCfg = Release|Any CPU
		{223171B6-84F7-41B5-A6F8-895572BBD0C9}.Release|Any CPU.Build.0 = Release|Any CPU
	EndGlobalSection
	GlobalSection(SolutionProperties) = preSolution
		HideSolutionNode = FALSE
	EndGlobalSection
	GlobalSection(ExtensibilityGlobals) = postSolution
		SolutionGuid = {BFE953C2-8B1F-438A-B646-B02559EF7FB3}
	EndGlobalSection
EndGlobal
